
Microsoft Visual Studio Solution File, Format Version 12.00
# Visual Studio 15
VisualStudioVersion = 15.0.27130.2010
MinimumVisualStudioVersion = 10.0.40219.1
Project("{9A19103F-16F7-4668-BE54-9A1E7A4F7556}") = "MazeApp", "MazeApp\MazeApp.csproj", "{CD96C835-C157-48A5-9D03-CE51E30810F0}"
EndProject
Project("{9A19103F-16F7-4668-BE54-9A1E7A4F7556}") = "MazeApp.Tests", "MazeApp.Tests\MazeApp.Tests.csproj", "{D9BCF25E-D982-4B4F-9E88-07955C581919}"
EndProject
Project("{9A19103F-16F7-4668-BE54-9A1E7A4F7556}") = "GraphsLibrary", "GraphsLibrary\GraphsLibrary.csproj", "{627319BC-99F6-47D8-B7D8-4B4540751E72}"
EndProject
Global
	GlobalSection(SolutionConfigurationPlatforms) = preSolution
		Debug|Any CPU = Debug|Any CPU
		Release|Any CPU = Release|Any CPU
	EndGlobalSection
	GlobalSection(ProjectConfigurationPlatforms) = postSolution
		{CD96C835-C157-48A5-9D03-CE51E30810F0}.Debug|Any CPU.ActiveCfg = Debug|Any CPU
		{CD96C835-C157-48A5-9D03-CE51E30810F0}.Debug|Any CPU.Build.0 = Debug|Any CPU
		{CD96C835-C157-48A5-9D03-CE51E30810F0}.Release|Any CPU.ActiveCfg = Release|Any CPU
		{CD96C835-C157-48A5-9D03-CE51E30810F0}.Release|Any CPU.Build.0 = Release|Any CPU
		{D9BCF25E-D982-4B4F-9E88-07955C581919}.Debug|Any CPU.ActiveCfg = Debug|Any CPU
		{D9BCF25E-D982-4B4F-9E88-07955C581919}.Debug|Any CPU.Build.0 = Debug|Any CPU
		{D9BCF25E-D982-4B4F-9E88-07955C581919}.Release|Any CPU.ActiveCfg = Release|Any CPU
		{D9BCF25E-D982-4B4F-9E88-07955C581919}.Release|Any CPU.Build.0 = Release|Any CPU
		{627319BC-99F6-47D8-B7D8-4B4540751E72}.Debug|Any CPU.ActiveCfg = Debug|Any CPU
		{627319BC-99F6-47D8-B7D8-4B4540751E72}.Debug|Any CPU.Build.0 = Debug|Any CPU
		{627319BC-99F6-47D8-B7D8-4B4540751E72}.Release|Any CPU.ActiveCfg = Release|Any CPU
		{627319BC-99F6-47D8-B7D8-4B4540751E72}.Release|Any CPU.Build.0 = Release|Any CPU
	EndGlobalSection
	GlobalSection(SolutionProperties) = preSolution
		HideSolutionNode = FALSE
	EndGlobalSection
	GlobalSection(ExtensibilityGlobals) = postSolution
		SolutionGuid = {A9799B88-384C-4B1C-9CB9-8B7B47CA415E}
	EndGlobalSection
EndGlobal
